
Microsoft Visual Studio Solution File, Format Version 12.00
# Visual Studio 14
VisualStudioVersion = 14.0.25420.1
MinimumVisualStudioVersion = 10.0.40219.1
Project("{FAE04EC0-301F-11D3-BF4B-00C04F79EFBC}") = "WebMarket", "WebMarket\WebMarket.csproj", "{DA76164F-34EA-409F-9A21-75878063508A}"
EndProject
Project("{E24C65DC-7377-472B-9ABA-BC803B73C61A}") = "EC-SuperMarket", "..\..\..\..\..\..\..\xampp\htdocs\Plantillas Exlusivas\EC-SuperMarket\", "{2B4965B6-38CF-4D94-9CF7-4E35310A7674}"
	ProjectSection(WebsiteProperties) = preProject
		TargetFrameworkMoniker = ".NETFramework,Version%3Dv4.0"
		Debug.AspNetCompiler.VirtualPath = "/localhost_3744"
		Debug.AspNetCompiler.PhysicalPath = "..\..\..\..\..\..\..\xampp\htdocs\Plantillas Exlusivas\EC-SuperMarket\"
		Debug.AspNetCompiler.TargetPath = "PrecompiledWeb\localhost_3744\"
		Debug.AspNetCompiler.Updateable = "true"
		Debug.AspNetCompiler.ForceOverwrite = "true"
		Debug.AspNetCompiler.FixedNames = "false"
		Debug.AspNetCompiler.Debug = "True"
		Release.AspNetCompiler.VirtualPath = "/localhost_3744"
		Release.AspNetCompiler.PhysicalPath = "..\..\..\..\..\..\..\xampp\htdocs\Plantillas Exlusivas\EC-SuperMarket\"
		Release.AspNetCompiler.TargetPath = "PrecompiledWeb\localhost_3744\"
		Release.AspNetCompiler.Updateable = "true"
		Release.AspNetCompiler.ForceOverwrite = "true"
		Release.AspNetCompiler.FixedNames = "false"
		Release.AspNetCompiler.Debug = "False"
		VWDPort = "3744"
		SlnRelativePath = "..\..\..\..\..\..\..\xampp\htdocs\Plantillas Exlusivas\EC-SuperMarket\"
	EndProjectSection
EndProject
Global
	GlobalSection(SolutionConfigurationPlatforms) = preSolution
		Debug|Any CPU = Debug|Any CPU
		Release|Any CPU = Release|Any CPU
	EndGlobalSection
	GlobalSection(ProjectConfigurationPlatforms) = postSolution
		{DA76164F-34EA-409F-9A21-75878063508A}.Debug|Any CPU.ActiveCfg = Debug|Any CPU
		{DA76164F-34EA-409F-9A21-75878063508A}.Debug|Any CPU.Build.0 = Debug|Any CPU
		{DA76164F-34EA-409F-9A21-75878063508A}.Release|Any CPU.ActiveCfg = Release|Any CPU
		{DA76164F-34EA-409F-9A21-75878063508A}.Release|Any CPU.Build.0 = Release|Any CPU
		{2B4965B6-38CF-4D94-9CF7-4E35310A7674}.Debug|Any CPU.ActiveCfg = Debug|Any CPU
		{2B4965B6-38CF-4D94-9CF7-4E35310A7674}.Debug|Any CPU.Build.0 = Debug|Any CPU
		{2B4965B6-38CF-4D94-9CF7-4E35310A7674}.Release|Any CPU.ActiveCfg = Debug|Any CPU
		{2B4965B6-38CF-4D94-9CF7-4E35310A7674}.Release|Any CPU.Build.0 = Debug|Any CPU
	EndGlobalSection
	GlobalSection(SolutionProperties) = preSolution
		HideSolutionNode = FALSE
	EndGlobalSection
EndGlobal
